{
  "requires": true,
  "lockfileVersion": 1,
  "dependencies": {
    "@firebase/auth-types": {
      "version": "0.10.1",
      "resolved": "https://registry.npmjs.org/@firebase/auth-types/-/auth-types-0.10.1.tgz",
      "integrity": "sha512-/+gBHb1O9x/YlG7inXfxff/6X3BPZt4zgBv4kql6HEmdzNQCodIRlEYnI+/da+lN+dha7PjaFH7C7ewMmfV7rw=="
    }
  }
}
